// !$*UTF8*$!
{
	archiveVersion = 1;
	classes = {
	};
	objectVersion = 50;
	objects = {

/* Begin PBXBuildFile section */
		0DA9EC03449A3178D9E44353 /* Pods_UMengAnalyticsFrameworkTests.framework in Frameworks */ = {isa = PBXBuildFile; fileRef = 95C89DBAB4924456AB12A1FD /* Pods_UMengAnalyticsFrameworkTests.framework */; };
		8EA9BFCE209AE11E008086FF /* UseSwiftModuleRequire.swift in Sources */ = {isa = PBXBuildFile; fileRef = 8EA9BFCD209AE11E008086FF /* UseSwiftModuleRequire.swift */; };
		8EA9BFD3209AE6F5008086FF /* MobClickSpec.m in Sources */ = {isa = PBXBuildFile; fileRef = 8EA9BFD2209AE6F5008086FF /* MobClickSpec.m */; };
		8EAD8A10215F797500A30D8B /* UMAnalytics.framework in Frameworks */ = {isa = PBXBuildFile; fileRef = 8EAD8A0F215F797500A30D8B /* UMAnalytics.framework */; };
		8EAD8A12215F798100A30D8B /* UMCommon.framework in Frameworks */ = {isa = PBXBuildFile; fileRef = 8EAD8A11215F798100A30D8B /* UMCommon.framework */; };
		8EAD8A15215F799000A30D8B /* SecurityEnvSDK.framework in Frameworks */ = {isa = PBXBuildFile; fileRef = 8EAD8A13215F799000A30D8B /* SecurityEnvSDK.framework */; };
		8EAD8A16215F799000A30D8B /* UTDID.framework in Frameworks */ = {isa = PBXBuildFile; fileRef = 8EAD8A14215F799000A30D8B /* UTDID.framework */; };
		8EAD8A18215F7AE800A30D8B /* DplusMobClick.h in Headers */ = {isa = PBXBuildFile; fileRef = 8EAD8A17215F7AE800A30D8B /* DplusMobClick.h */; settings = {ATTRIBUTES = (Public, ); }; };
		8EAD8A1C215F8C3400A30D8B /* UMConfigure.h in Headers */ = {isa = PBXBuildFile; fileRef = 8EAD8A1A215F8C3400A30D8B /* UMConfigure.h */; settings = {ATTRIBUTES = (Public, ); }; };
		8EB1DF4E209BF797008A16A6 /* libz.tbd in Frameworks */ = {isa = PBXBuildFile; fileRef = 8EB1DF4D209BF797008A16A6 /* libz.tbd */; };
		8EB1DF50209BF7A2008A16A6 /* libsqlite3.tbd in Frameworks */ = {isa = PBXBuildFile; fileRef = 8EB1DF4F209BF7A2008A16A6 /* libsqlite3.tbd */; };
		8EB1DF52209BF7A8008A16A6 /* SystemConfiguration.framework in Frameworks */ = {isa = PBXBuildFile; fileRef = 8EB1DF51209BF7A8008A16A6 /* SystemConfiguration.framework */; };
		8EB1DF54209BF7AE008A16A6 /* CoreTelephony.framework in Frameworks */ = {isa = PBXBuildFile; fileRef = 8EB1DF53209BF7AE008A16A6 /* CoreTelephony.framework */; };
		8EB1DF55209BF7B3008A16A6 /* UIKit.framework in Frameworks */ = {isa = PBXBuildFile; fileRef = 8ED2BA46209AC5C700EC5780 /* UIKit.framework */; };
		8EB1DF57209BF7B9008A16A6 /* Foundation.framework in Frameworks */ = {isa = PBXBuildFile; fileRef = 8EB1DF56209BF7B9008A16A6 /* Foundation.framework */; };
		8EB1DF5C209BF8DB008A16A6 /* MobClick.h in Headers */ = {isa = PBXBuildFile; fileRef = 8EB1DF59209BF8DB008A16A6 /* MobClick.h */; settings = {ATTRIBUTES = (Public, ); }; };
		8EB1DF5E209BF8DB008A16A6 /* MobClickGameAnalytics.h in Headers */ = {isa = PBXBuildFile; fileRef = 8EB1DF5B209BF8DB008A16A6 /* MobClickGameAnalytics.h */; settings = {ATTRIBUTES = (Public, ); }; };
		8ED2BA31209AADCC00EC5780 /* UMengAnalyticsFramework.h in Headers */ = {isa = PBXBuildFile; fileRef = 8ED2BA2F209AADCC00EC5780 /* UMengAnalyticsFramework.h */; settings = {ATTRIBUTES = (Public, ); }; };
		965188BBF60233E874F5E3C8 /* Pods_UMengAnalyticsFramework.framework in Frameworks */ = {isa = PBXBuildFile; fileRef = 8ED2BA48209AC71500EC5780 /* Pods_UMengAnalyticsFramework.framework */; };
/* End PBXBuildFile section */

/* Begin PBXFileReference section */
		8EA9BFCC209AE11E008086FF /* UMengAnalyticsFrameworkTests-Bridging-Header.h */ = {isa = PBXFileReference; lastKnownFileType = sourcecode.c.h; path = "UMengAnalyticsFrameworkTests-Bridging-Header.h"; sourceTree = "<group>"; };
		8EA9BFCD209AE11E008086FF /* UseSwiftModuleRequire.swift */ = {isa = PBXFileReference; lastKnownFileType = sourcecode.swift; path = UseSwiftModuleRequire.swift; sourceTree = "<group>"; };
		8EA9BFD2209AE6F5008086FF /* MobClickSpec.m */ = {isa = PBXFileReference; lastKnownFileType = sourcecode.c.objc; path = MobClickSpec.m; sourceTree = "<group>"; };
		8EAD8A0B215F71C000A30D8B /* UMAnalytics.framework */ = {isa = PBXFileReference; lastKnownFileType = wrapper.framework; name = UMAnalytics.framework; path = Dependencies/UMAnalytics.framework; sourceTree = "<group>"; };
		8EAD8A0D215F786D00A30D8B /* UMCommon.framework */ = {isa = PBXFileReference; lastKnownFileType = wrapper.framework; name = UMCommon.framework; path = Dependencies/UMCommon.framework; sourceTree = "<group>"; };
		8EAD8A0F215F797500A30D8B /* UMAnalytics.framework */ = {isa = PBXFileReference; lastKnownFileType = wrapper.framework; name = UMAnalytics.framework; path = Pods/UMCAnalytics/UMAnalytics.framework; sourceTree = "<group>"; };
		8EAD8A11215F798100A30D8B /* UMCommon.framework */ = {isa = PBXFileReference; lastKnownFileType = wrapper.framework; name = UMCommon.framework; path = Pods/UMCCommon/UMCommon.framework; sourceTree = "<group>"; };
		8EAD8A13215F799000A30D8B /* SecurityEnvSDK.framework */ = {isa = PBXFileReference; lastKnownFileType = wrapper.framework; name = SecurityEnvSDK.framework; path = Pods/UMCSecurityPlugins/thirdparties/SecurityEnvSDK.framework; sourceTree = "<group>"; };
		8EAD8A14215F799000A30D8B /* UTDID.framework */ = {isa = PBXFileReference; lastKnownFileType = wrapper.framework; name = UTDID.framework; path = Pods/UMCSecurityPlugins/thirdparties/UTDID.framework; sourceTree = "<group>"; };
		8EAD8A17215F7AE800A30D8B /* DplusMobClick.h */ = {isa = PBXFileReference; fileEncoding = 4; lastKnownFileType = sourcecode.c.h; path = DplusMobClick.h; sourceTree = "<group>"; };
		8EAD8A1A215F8C3400A30D8B /* UMConfigure.h */ = {isa = PBXFileReference; fileEncoding = 4; lastKnownFileType = sourcecode.c.h; path = UMConfigure.h; sourceTree = "<group>"; };
		8EB1DF4D209BF797008A16A6 /* libz.tbd */ = {isa = PBXFileReference; lastKnownFileType = "sourcecode.text-based-dylib-definition"; name = libz.tbd; path = usr/lib/libz.tbd; sourceTree = SDKROOT; };
		8EB1DF4F209BF7A2008A16A6 /* libsqlite3.tbd */ = {isa = PBXFileReference; lastKnownFileType = "sourcecode.text-based-dylib-definition"; name = libsqlite3.tbd; path = usr/lib/libsqlite3.tbd; sourceTree = SDKROOT; };
		8EB1DF51209BF7A8008A16A6 /* SystemConfiguration.framework */ = {isa = PBXFileReference; lastKnownFileType = wrapper.framework; name = SystemConfiguration.framework; path = System/Library/Frameworks/SystemConfiguration.framework; sourceTree = SDKROOT; };
		8EB1DF53209BF7AE008A16A6 /* CoreTelephony.framework */ = {isa = PBXFileReference; lastKnownFileType = wrapper.framework; name = CoreTelephony.framework; path = System/Library/Frameworks/CoreTelephony.framework; sourceTree = SDKROOT; };
		8EB1DF56209BF7B9008A16A6 /* Foundation.framework */ = {isa = PBXFileReference; lastKnownFileType = wrapper.framework; name = Foundation.framework; path = System/Library/Frameworks/Foundation.framework; sourceTree = SDKROOT; };
		8EB1DF59209BF8DB008A16A6 /* MobClick.h */ = {isa = PBXFileReference; lastKnownFileType = sourcecode.c.h; path = MobClick.h; sourceTree = "<group>"; };
		8EB1DF5B209BF8DB008A16A6 /* MobClickGameAnalytics.h */ = {isa = PBXFileReference; lastKnownFileType = sourcecode.c.h; path = MobClickGameAnalytics.h; sourceTree = "<group>"; };
		8ED2BA2C209AADCC00EC5780 /* UMengAnalyticsFramework.framework */ = {isa = PBXFileReference; explicitFileType = wrapper.framework; includeInIndex = 0; path = UMengAnalyticsFramework.framework; sourceTree = BUILT_PRODUCTS_DIR; };
		8ED2BA2F209AADCC00EC5780 /* UMengAnalyticsFramework.h */ = {isa = PBXFileReference; lastKnownFileType = sourcecode.c.h; path = UMengAnalyticsFramework.h; sourceTree = "<group>"; };
		8ED2BA30209AADCC00EC5780 /* Info.plist */ = {isa = PBXFileReference; lastKnownFileType = text.plist.xml; path = Info.plist; sourceTree = "<group>"; };
		8ED2BA3B209AC00600EC5780 /* UMengAnalyticsFrameworkTests.xctest */ = {isa = PBXFileReference; explicitFileType = wrapper.cfbundle; includeInIndex = 0; path = UMengAnalyticsFrameworkTests.xctest; sourceTree = BUILT_PRODUCTS_DIR; };
		8ED2BA3F209AC00600EC5780 /* Info.plist */ = {isa = PBXFileReference; lastKnownFileType = text.plist.xml; path = Info.plist; sourceTree = "<group>"; };
		8ED2BA43209AC35B00EC5780 /* UMengAnalyticsFramework.podspec */ = {isa = PBXFileReference; lastKnownFileType = text.script.ruby; path = UMengAnalyticsFramework.podspec; sourceTree = "<group>"; xcLanguageSpecificationIdentifier = xcode.lang.ruby; };
		8ED2BA46209AC5C700EC5780 /* UIKit.framework */ = {isa = PBXFileReference; lastKnownFileType = wrapper.framework; name = UIKit.framework; path = System/Library/Frameworks/UIKit.framework; sourceTree = SDKROOT; };
		8ED2BA48209AC71500EC5780 /* Pods_UMengAnalyticsFramework.framework */ = {isa = PBXFileReference; explicitFileType = wrapper.framework; path = Pods_UMengAnalyticsFramework.framework; sourceTree = BUILT_PRODUCTS_DIR; };
		95C89DBAB4924456AB12A1FD /* Pods_UMengAnalyticsFrameworkTests.framework */ = {isa = PBXFileReference; explicitFileType = wrapper.framework; includeInIndex = 0; path = Pods_UMengAnalyticsFrameworkTests.framework; sourceTree = BUILT_PRODUCTS_DIR; };
		E62CF191D37D6B1391DDEDC8 /* Pods_UMengAnalyticsFramework.framework */ = {isa = PBXFileReference; explicitFileType = wrapper.framework; includeInIndex = 0; path = Pods_UMengAnalyticsFramework.framework; sourceTree = BUILT_PRODUCTS_DIR; };
		E8B749B63513982152C400B1 /* Pods-UMengAnalyticsFrameworkTests.release.xcconfig */ = {isa = PBXFileReference; includeInIndex = 1; lastKnownFileType = text.xcconfig; name = "Pods-UMengAnalyticsFrameworkTests.release.xcconfig"; path = "Pods/Target Support Files/Pods-UMengAnalyticsFrameworkTests/Pods-UMengAnalyticsFrameworkTests.release.xcconfig"; sourceTree = "<group>"; };
		EB883DA5E90E71C1C77F0AEC /* Pods-UMengAnalyticsFramework.release.xcconfig */ = {isa = PBXFileReference; includeInIndex = 1; lastKnownFileType = text.xcconfig; name = "Pods-UMengAnalyticsFramework.release.xcconfig"; path = "Pods/Target Support Files/Pods-UMengAnalyticsFramework/Pods-UMengAnalyticsFramework.release.xcconfig"; sourceTree = "<group>"; };
		EE7FD335A37A49243C80EC27 /* Pods-UMengAnalyticsFramework.debug.xcconfig */ = {isa = PBXFileReference; includeInIndex = 1; lastKnownFileType = text.xcconfig; name = "Pods-UMengAnalyticsFramework.debug.xcconfig"; path = "Pods/Target Support Files/Pods-UMengAnalyticsFramework/Pods-UMengAnalyticsFramework.debug.xcconfig"; sourceTree = "<group>"; };
		F397447C8297DFFE6BC4EDEC /* Pods-UMengAnalyticsFrameworkTests.debug.xcconfig */ = {isa = PBXFileReference; includeInIndex = 1; lastKnownFileType = text.xcconfig; name = "Pods-UMengAnalyticsFrameworkTests.debug.xcconfig"; path = "Pods/Target Support Files/Pods-UMengAnalyticsFrameworkTests/Pods-UMengAnalyticsFrameworkTests.debug.xcconfig"; sourceTree = "<group>"; };
/* End PBXFileReference section */

/* Begin PBXFrameworksBuildPhase section */
		8ED2BA28209AADCC00EC5780 /* Frameworks */ = {
			isa = PBXFrameworksBuildPhase;
			buildActionMask = 2147483647;
			files = (
				8EAD8A15215F799000A30D8B /* SecurityEnvSDK.framework in Frameworks */,
				8EAD8A16215F799000A30D8B /* UTDID.framework in Frameworks */,
				8EAD8A12215F798100A30D8B /* UMCommon.framework in Frameworks */,
				8EAD8A10215F797500A30D8B /* UMAnalytics.framework in Frameworks */,
				8EB1DF57209BF7B9008A16A6 /* Foundation.framework in Frameworks */,
				8EB1DF55209BF7B3008A16A6 /* UIKit.framework in Frameworks */,
				8EB1DF54209BF7AE008A16A6 /* CoreTelephony.framework in Frameworks */,
				8EB1DF52209BF7A8008A16A6 /* SystemConfiguration.framework in Frameworks */,
				8EB1DF50209BF7A2008A16A6 /* libsqlite3.tbd in Frameworks */,
				8EB1DF4E209BF797008A16A6 /* libz.tbd in Frameworks */,
				965188BBF60233E874F5E3C8 /* Pods_UMengAnalyticsFramework.framework in Frameworks */,
			);
			runOnlyForDeploymentPostprocessing = 0;
		};
		8ED2BA38209AC00600EC5780 /* Frameworks */ = {
			isa = PBXFrameworksBuildPhase;
			buildActionMask = 2147483647;
			files = (
				0DA9EC03449A3178D9E44353 /* Pods_UMengAnalyticsFrameworkTests.framework in Frameworks */,
			);
			runOnlyForDeploymentPostprocessing = 0;
		};
/* End PBXFrameworksBuildPhase section */

/* Begin PBXGroup section */
		8ED2BA22209AADCC00EC5780 = {
			isa = PBXGroup;
			children = (
				8ED2BA43209AC35B00EC5780 /* UMengAnalyticsFramework.podspec */,
				8ED2BA2E209AADCC00EC5780 /* UMengAnalyticsFramework */,
				8ED2BA3C209AC00600EC5780 /* UMengAnalyticsFrameworkTests */,
				8ED2BA2D209AADCC00EC5780 /* Products */,
				AD12E8B433802C2D84BDE88A /* Pods */,
				D45F24CEA1C75348831D0D49 /* Frameworks */,
			);
			sourceTree = "<group>";
		};
		8ED2BA2D209AADCC00EC5780 /* Products */ = {
			isa = PBXGroup;
			children = (
				8ED2BA2C209AADCC00EC5780 /* UMengAnalyticsFramework.framework */,
				8ED2BA3B209AC00600EC5780 /* UMengAnalyticsFrameworkTests.xctest */,
			);
			name = Products;
			sourceTree = "<group>";
		};
		8ED2BA2E209AADCC00EC5780 /* UMengAnalyticsFramework */ = {
			isa = PBXGroup;
			children = (
				8ED2BA2F209AADCC00EC5780 /* UMengAnalyticsFramework.h */,
				8EAD8A1A215F8C3400A30D8B /* UMConfigure.h */,
				8EB1DF59209BF8DB008A16A6 /* MobClick.h */,
				8EB1DF5B209BF8DB008A16A6 /* MobClickGameAnalytics.h */,
				8EAD8A17215F7AE800A30D8B /* DplusMobClick.h */,
				8ED2BA30209AADCC00EC5780 /* Info.plist */,
			);
			path = UMengAnalyticsFramework;
			sourceTree = "<group>";
		};
		8ED2BA3C209AC00600EC5780 /* UMengAnalyticsFrameworkTests */ = {
			isa = PBXGroup;
			children = (
				8ED2BA3F209AC00600EC5780 /* Info.plist */,
				8EA9BFCD209AE11E008086FF /* UseSwiftModuleRequire.swift */,
				8EA9BFCC209AE11E008086FF /* UMengAnalyticsFrameworkTests-Bridging-Header.h */,
				8EA9BFD2209AE6F5008086FF /* MobClickSpec.m */,
			);
			path = UMengAnalyticsFrameworkTests;
			sourceTree = "<group>";
		};
		AD12E8B433802C2D84BDE88A /* Pods */ = {
			isa = PBXGroup;
			children = (
				EE7FD335A37A49243C80EC27 /* Pods-UMengAnalyticsFramework.debug.xcconfig */,
				EB883DA5E90E71C1C77F0AEC /* Pods-UMengAnalyticsFramework.release.xcconfig */,
				F397447C8297DFFE6BC4EDEC /* Pods-UMengAnalyticsFrameworkTests.debug.xcconfig */,
				E8B749B63513982152C400B1 /* Pods-UMengAnalyticsFrameworkTests.release.xcconfig */,
			);
			name = Pods;
			sourceTree = "<group>";
		};
		D45F24CEA1C75348831D0D49 /* Frameworks */ = {
			isa = PBXGroup;
			children = (
				8EAD8A13215F799000A30D8B /* SecurityEnvSDK.framework */,
				8EAD8A14215F799000A30D8B /* UTDID.framework */,
				8EAD8A11215F798100A30D8B /* UMCommon.framework */,
				8EAD8A0F215F797500A30D8B /* UMAnalytics.framework */,
				8EAD8A0D215F786D00A30D8B /* UMCommon.framework */,
				8EAD8A0B215F71C000A30D8B /* UMAnalytics.framework */,
				8EB1DF56209BF7B9008A16A6 /* Foundation.framework */,
				8EB1DF53209BF7AE008A16A6 /* CoreTelephony.framework */,
				8EB1DF51209BF7A8008A16A6 /* SystemConfiguration.framework */,
				8EB1DF4F209BF7A2008A16A6 /* libsqlite3.tbd */,
				8EB1DF4D209BF797008A16A6 /* libz.tbd */,
				8ED2BA48209AC71500EC5780 /* Pods_UMengAnalyticsFramework.framework */,
				8ED2BA46209AC5C700EC5780 /* UIKit.framework */,
				E62CF191D37D6B1391DDEDC8 /* Pods_UMengAnalyticsFramework.framework */,
				95C89DBAB4924456AB12A1FD /* Pods_UMengAnalyticsFrameworkTests.framework */,
			);
			name = Frameworks;
			sourceTree = "<group>";
		};
/* End PBXGroup section */

/* Begin PBXHeadersBuildPhase section */
		8ED2BA29209AADCC00EC5780 /* Headers */ = {
			isa = PBXHeadersBuildPhase;
			buildActionMask = 2147483647;
			files = (
				8ED2BA31209AADCC00EC5780 /* UMengAnalyticsFramework.h in Headers */,
				8EB1DF5C209BF8DB008A16A6 /* MobClick.h in Headers */,
				8EAD8A18215F7AE800A30D8B /* DplusMobClick.h in Headers */,
				8EAD8A1C215F8C3400A30D8B /* UMConfigure.h in Headers */,
				8EB1DF5E209BF8DB008A16A6 /* MobClickGameAnalytics.h in Headers */,
			);
			runOnlyForDeploymentPostprocessing = 0;
		};
/* End PBXHeadersBuildPhase section */

/* Begin PBXNativeTarget section */
		8ED2BA2B209AADCC00EC5780 /* UMengAnalyticsFramework */ = {
			isa = PBXNativeTarget;
			buildConfigurationList = 8ED2BA34209AADCC00EC5780 /* Build configuration list for PBXNativeTarget "UMengAnalyticsFramework" */;
			buildPhases = (
				D923E33D5CC583A47232F515 /* [CP] Check Pods Manifest.lock */,
				8ED2BA27209AADCC00EC5780 /* Sources */,
				8ED2BA28209AADCC00EC5780 /* Frameworks */,
				8ED2BA29209AADCC00EC5780 /* Headers */,
				8ED2BA2A209AADCC00EC5780 /* Resources */,
			);
			buildRules = (
			);
			dependencies = (
			);
			name = UMengAnalyticsFramework;
			productName = UMengAnalyticsFramework;
			productReference = 8ED2BA2C209AADCC00EC5780 /* UMengAnalyticsFramework.framework */;
			productType = "com.apple.product-type.framework";
		};
		8ED2BA3A209AC00600EC5780 /* UMengAnalyticsFrameworkTests */ = {
			isa = PBXNativeTarget;
			buildConfigurationList = 8ED2BA40209AC00600EC5780 /* Build configuration list for PBXNativeTarget "UMengAnalyticsFrameworkTests" */;
			buildPhases = (
				31FF390BF9DE0BC138D2E480 /* [CP] Check Pods Manifest.lock */,
				8ED2BA37209AC00600EC5780 /* Sources */,
				8ED2BA38209AC00600EC5780 /* Frameworks */,
				8ED2BA39209AC00600EC5780 /* Resources */,
				9B4C5419DB5B853CC17884A4 /* [CP] Embed Pods Frameworks */,
			);
			buildRules = (
			);
			dependencies = (
			);
			name = UMengAnalyticsFrameworkTests;
			productName = UMengAnalyticsFrameworkTests;
			productReference = 8ED2BA3B209AC00600EC5780 /* UMengAnalyticsFrameworkTests.xctest */;
			productType = "com.apple.product-type.bundle.unit-test";
		};
/* End PBXNativeTarget section */

/* Begin PBXProject section */
		8ED2BA23209AADCC00EC5780 /* Project object */ = {
			isa = PBXProject;
			attributes = {
				LastUpgradeCheck = 0930;
				ORGANIZATIONNAME = archmagees;
				TargetAttributes = {
					8ED2BA2B209AADCC00EC5780 = {
						CreatedOnToolsVersion = 9.3;
					};
					8ED2BA3A209AC00600EC5780 = {
						CreatedOnToolsVersion = 9.3;
						LastSwiftMigration = 0930;
					};
				};
			};
			buildConfigurationList = 8ED2BA26209AADCC00EC5780 /* Build configuration list for PBXProject "UMengAnalyticsFramework" */;
			compatibilityVersion = "Xcode 9.3";
			developmentRegion = en;
			hasScannedForEncodings = 0;
			knownRegions = (
				en,
			);
			mainGroup = 8ED2BA22209AADCC00EC5780;
			productRefGroup = 8ED2BA2D209AADCC00EC5780 /* Products */;
			projectDirPath = "";
			projectRoot = "";
			targets = (
				8ED2BA2B209AADCC00EC5780 /* UMengAnalyticsFramework */,
				8ED2BA3A209AC00600EC5780 /* UMengAnalyticsFrameworkTests */,
			);
		};
/* End PBXProject section */

/* Begin PBXResourcesBuildPhase section */
		8ED2BA2A209AADCC00EC5780 /* Resources */ = {
			isa = PBXResourcesBuildPhase;
			buildActionMask = 2147483647;
			files = (
			);
			runOnlyForDeploymentPostprocessing = 0;
		};
		8ED2BA39209AC00600EC5780 /* Resources */ = {
			isa = PBXResourcesBuildPhase;
			buildActionMask = 2147483647;
			files = (
			);
			runOnlyForDeploymentPostprocessing = 0;
		};
/* End PBXResourcesBuildPhase section */

/* Begin PBXShellScriptBuildPhase section */
		31FF390BF9DE0BC138D2E480 /* [CP] Check Pods Manifest.lock */ = {
			isa = PBXShellScriptBuildPhase;
			buildActionMask = 2147483647;
			files = (
			);
			inputPaths = (
				"${PODS_PODFILE_DIR_PATH}/Podfile.lock",
				"${PODS_ROOT}/Manifest.lock",
			);
			name = "[CP] Check Pods Manifest.lock";
			outputPaths = (
				"$(DERIVED_FILE_DIR)/Pods-UMengAnalyticsFrameworkTests-checkManifestLockResult.txt",
			);
			runOnlyForDeploymentPostprocessing = 0;
			shellPath = /bin/sh;
			shellScript = "diff \"${PODS_PODFILE_DIR_PATH}/Podfile.lock\" \"${PODS_ROOT}/Manifest.lock\" > /dev/null\nif [ $? != 0 ] ; then\n    # print error to STDERR\n    echo \"error: The sandbox is not in sync with the Podfile.lock. Run 'pod install' or update your CocoaPods installation.\" >&2\n    exit 1\nfi\n# This output is used by Xcode 'outputs' to avoid re-running this script phase.\necho \"SUCCESS\" > \"${SCRIPT_OUTPUT_FILE_0}\"\n";
			showEnvVarsInLog = 0;
		};
		9B4C5419DB5B853CC17884A4 /* [CP] Embed Pods Frameworks */ = {
			isa = PBXShellScriptBuildPhase;
			buildActionMask = 2147483647;
			files = (
			);
			inputFileListPaths = (
				"${PODS_ROOT}/Target Support Files/Pods-UMengAnalyticsFrameworkTests/Pods-UMengAnalyticsFrameworkTests-frameworks-${CONFIGURATION}-input-files.xcfilelist",
			);
			name = "[CP] Embed Pods Frameworks";
			outputFileListPaths = (
				"${PODS_ROOT}/Target Support Files/Pods-UMengAnalyticsFrameworkTests/Pods-UMengAnalyticsFrameworkTests-frameworks-${CONFIGURATION}-output-files.xcfilelist",
			);
			runOnlyForDeploymentPostprocessing = 0;
			shellPath = /bin/sh;
			shellScript = "\"${PODS_ROOT}/Target Support Files/Pods-UMengAnalyticsFrameworkTests/Pods-UMengAnalyticsFrameworkTests-frameworks.sh\"\n";
			showEnvVarsInLog = 0;
		};
		D923E33D5CC583A47232F515 /* [CP] Check Pods Manifest.lock */ = {
			isa = PBXShellScriptBuildPhase;
			buildActionMask = 2147483647;
			files = (
			);
			inputPaths = (
				"${PODS_PODFILE_DIR_PATH}/Podfile.lock",
				"${PODS_ROOT}/Manifest.lock",
			);
			name = "[CP] Check Pods Manifest.lock";
			outputPaths = (
				"$(DERIVED_FILE_DIR)/Pods-UMengAnalyticsFramework-checkManifestLockResult.txt",
			);
			runOnlyForDeploymentPostprocessing = 0;
			shellPath = /bin/sh;
			shellScript = "diff \"${PODS_PODFILE_DIR_PATH}/Podfile.lock\" \"${PODS_ROOT}/Manifest.lock\" > /dev/null\nif [ $? != 0 ] ; then\n    # print error to STDERR\n    echo \"error: The sandbox is not in sync with the Podfile.lock. Run 'pod install' or update your CocoaPods installation.\" >&2\n    exit 1\nfi\n# This output is used by Xcode 'outputs' to avoid re-running this script phase.\necho \"SUCCESS\" > \"${SCRIPT_OUTPUT_FILE_0}\"\n";
			showEnvVarsInLog = 0;
		};
/* End PBXShellScriptBuildPhase section */

/* Begin PBXSourcesBuildPhase section */
		8ED2BA27209AADCC00EC5780 /* Sources */ = {
			isa = PBXSourcesBuildPhase;
			buildActionMask = 2147483647;
			files = (
			);
			runOnlyForDeploymentPostprocessing = 0;
		};
		8ED2BA37209AC00600EC5780 /* Sources */ = {
			isa = PBXSourcesBuildPhase;
			buildActionMask = 2147483647;
			files = (
				8EA9BFD3209AE6F5008086FF /* MobClickSpec.m in Sources */,
				8EA9BFCE209AE11E008086FF /* UseSwiftModuleRequire.swift in Sources */,
			);
			runOnlyForDeploymentPostprocessing = 0;
		};
/* End PBXSourcesBuildPhase section */

/* Begin XCBuildConfiguration section */
		8ED2BA32209AADCC00EC5780 /* Debug */ = {
			isa = XCBuildConfiguration;
			buildSettings = {
				ALWAYS_SEARCH_USER_PATHS = NO;
				CLANG_ANALYZER_NONNULL = YES;
				CLANG_ANALYZER_NUMBER_OBJECT_CONVERSION = YES_AGGRESSIVE;
				CLANG_CXX_LANGUAGE_STANDARD = "gnu++14";
				CLANG_CXX_LIBRARY = "libc++";
				CLANG_ENABLE_MODULES = YES;
				CLANG_ENABLE_OBJC_ARC = YES;
				CLANG_ENABLE_OBJC_WEAK = YES;
				CLANG_WARN_BLOCK_CAPTURE_AUTORELEASING = YES;
				CLANG_WARN_BOOL_CONVERSION = YES;
				CLANG_WARN_COMMA = YES;
				CLANG_WARN_CONSTANT_CONVERSION = YES;
				CLANG_WARN_DEPRECATED_OBJC_IMPLEMENTATIONS = YES;
				CLANG_WARN_DIRECT_OBJC_ISA_USAGE = YES_ERROR;
				CLANG_WARN_DOCUMENTATION_COMMENTS = YES;
				CLANG_WARN_EMPTY_BODY = YES;
				CLANG_WARN_ENUM_CONVERSION = YES;
				CLANG_WARN_INFINITE_RECURSION = YES;
				CLANG_WARN_INT_CONVERSION = YES;
				CLANG_WARN_NON_LITERAL_NULL_CONVERSION = YES;
				CLANG_WARN_OBJC_IMPLICIT_RETAIN_SELF = YES;
				CLANG_WARN_OBJC_LITERAL_CONVERSION = YES;
				CLANG_WARN_OBJC_ROOT_CLASS = YES_ERROR;
				CLANG_WARN_RANGE_LOOP_ANALYSIS = YES;
				CLANG_WARN_STRICT_PROTOTYPES = YES;
				CLANG_WARN_SUSPICIOUS_MOVE = YES;
				CLANG_WARN_UNGUARDED_AVAILABILITY = YES_AGGRESSIVE;
				CLANG_WARN_UNREACHABLE_CODE = YES;
				CLANG_WARN__DUPLICATE_METHOD_MATCH = YES;
				CODE_SIGN_IDENTITY = "iPhone Developer";
				COPY_PHASE_STRIP = NO;
				CURRENT_PROJECT_VERSION = 1;
				DEBUG_INFORMATION_FORMAT = dwarf;
				ENABLE_STRICT_OBJC_MSGSEND = YES;
				ENABLE_TESTABILITY = YES;
				GCC_C_LANGUAGE_STANDARD = gnu11;
				GCC_DYNAMIC_NO_PIC = NO;
				GCC_NO_COMMON_BLOCKS = YES;
				GCC_OPTIMIZATION_LEVEL = 0;
				GCC_PREPROCESSOR_DEFINITIONS = (
					"DEBUG=1",
					"$(inherited)",
				);
				GCC_WARN_64_TO_32_BIT_CONVERSION = YES;
				GCC_WARN_ABOUT_RETURN_TYPE = YES_ERROR;
				GCC_WARN_UNDECLARED_SELECTOR = YES;
				GCC_WARN_UNINITIALIZED_AUTOS = YES_AGGRESSIVE;
				GCC_WARN_UNUSED_FUNCTION = YES;
				GCC_WARN_UNUSED_VARIABLE = YES;
				IPHONEOS_DEPLOYMENT_TARGET = 11.3;
				MTL_ENABLE_DEBUG_INFO = YES;
				ONLY_ACTIVE_ARCH = YES;
				SDKROOT = iphoneos;
				VERSIONING_SYSTEM = "apple-generic";
				VERSION_INFO_PREFIX = "";
			};
			name = Debug;
		};
		8ED2BA33209AADCC00EC5780 /* Release */ = {
			isa = XCBuildConfiguration;
			buildSettings = {
				ALWAYS_SEARCH_USER_PATHS = NO;
				CLANG_ANALYZER_NONNULL = YES;
				CLANG_ANALYZER_NUMBER_OBJECT_CONVERSION = YES_AGGRESSIVE;
				CLANG_CXX_LANGUAGE_STANDARD = "gnu++14";
				CLANG_CXX_LIBRARY = "libc++";
				CLANG_ENABLE_MODULES = YES;
				CLANG_ENABLE_OBJC_ARC = YES;
				CLANG_ENABLE_OBJC_WEAK = YES;
				CLANG_WARN_BLOCK_CAPTURE_AUTORELEASING = YES;
				CLANG_WARN_BOOL_CONVERSION = YES;
				CLANG_WARN_COMMA = YES;
				CLANG_WARN_CONSTANT_CONVERSION = YES;
				CLANG_WARN_DEPRECATED_OBJC_IMPLEMENTATIONS = YES;
				CLANG_WARN_DIRECT_OBJC_ISA_USAGE = YES_ERROR;
				CLANG_WARN_DOCUMENTATION_COMMENTS = YES;
				CLANG_WARN_EMPTY_BODY = YES;
				CLANG_WARN_ENUM_CONVERSION = YES;
				CLANG_WARN_INFINITE_RECURSION = YES;
				CLANG_WARN_INT_CONVERSION = YES;
				CLANG_WARN_NON_LITERAL_NULL_CONVERSION = YES;
				CLANG_WARN_OBJC_IMPLICIT_RETAIN_SELF = YES;
				CLANG_WARN_OBJC_LITERAL_CONVERSION = YES;
				CLANG_WARN_OBJC_ROOT_CLASS = YES_ERROR;
				CLANG_WARN_RANGE_LOOP_ANALYSIS = YES;
				CLANG_WARN_STRICT_PROTOTYPES = YES;
				CLANG_WARN_SUSPICIOUS_MOVE = YES;
				CLANG_WARN_UNGUARDED_AVAILABILITY = YES_AGGRESSIVE;
				CLANG_WARN_UNREACHABLE_CODE = YES;
				CLANG_WARN__DUPLICATE_METHOD_MATCH = YES;
				CODE_SIGN_IDENTITY = "iPhone Developer";
				COPY_PHASE_STRIP = NO;
				CURRENT_PROJECT_VERSION = 1;
				DEBUG_INFORMATION_FORMAT = "dwarf-with-dsym";
				ENABLE_NS_ASSERTIONS = NO;
				ENABLE_STRICT_OBJC_MSGSEND = YES;
				GCC_C_LANGUAGE_STANDARD = gnu11;
				GCC_NO_COMMON_BLOCKS = YES;
				GCC_WARN_64_TO_32_BIT_CONVERSION = YES;
				GCC_WARN_ABOUT_RETURN_TYPE = YES_ERROR;
				GCC_WARN_UNDECLARED_SELECTOR = YES;
				GCC_WARN_UNINITIALIZED_AUTOS = YES_AGGRESSIVE;
				GCC_WARN_UNUSED_FUNCTION = YES;
				GCC_WARN_UNUSED_VARIABLE = YES;
				IPHONEOS_DEPLOYMENT_TARGET = 11.3;
				MTL_ENABLE_DEBUG_INFO = NO;
				SDKROOT = iphoneos;
				VALIDATE_PRODUCT = YES;
				VERSIONING_SYSTEM = "apple-generic";
				VERSION_INFO_PREFIX = "";
			};
			name = Release;
		};
		8ED2BA35209AADCC00EC5780 /* Debug */ = {
			isa = XCBuildConfiguration;
			baseConfigurationReference = EE7FD335A37A49243C80EC27 /* Pods-UMengAnalyticsFramework.debug.xcconfig */;
			buildSettings = {
				CODE_SIGN_IDENTITY = "";
				CODE_SIGN_STYLE = Automatic;
				DEFINES_MODULE = YES;
				DEVELOPMENT_TEAM = G2VF64XB7H;
				DYLIB_COMPATIBILITY_VERSION = 1;
				DYLIB_CURRENT_VERSION = 1;
				DYLIB_INSTALL_NAME_BASE = "@rpath";
				FRAMEWORK_SEARCH_PATHS = (
					"$(inherited)",
					"$(PROJECT_DIR)/Dependencies",
					"$(PROJECT_DIR)/Pods/UMCAnalytics",
					"$(PROJECT_DIR)/Pods/UMCCommon",
					"$(PROJECT_DIR)/Pods/UMCSecurityPlugins/thirdparties",
				);
				INFOPLIST_FILE = UMengAnalyticsFramework/Info.plist;
				INSTALL_PATH = "$(LOCAL_LIBRARY_DIR)/Frameworks";
				IPHONEOS_DEPLOYMENT_TARGET = 9.0;
				LD_RUNPATH_SEARCH_PATHS = (
					"$(inherited)",
					"@executable_path/Frameworks",
					"@loader_path/Frameworks",
				);
				OTHER_LDFLAGS = (
					"$(inherited)",
					"-ObjC",
					"-l\"sqlite3\"",
					"-l\"z\"",
					"-framework",
					"\"CoreTelephony\"",
					"-all_load",
				);
				PRODUCT_BUNDLE_IDENTIFIER = com.archmagees.UMengAnalyticsFramework;
				PRODUCT_NAME = "$(TARGET_NAME:c99extidentifier)";
				SKIP_INSTALL = YES;
				TARGETED_DEVICE_FAMILY = "1,2";
				VALID_ARCHS = "arm64 armv7 armv7s x86_64 i386";
			};
			name = Debug;
		};
		8ED2BA36209AADCC00EC5780 /* Release */ = {
			isa = XCBuildConfiguration;
			baseConfigurationReference = EB883DA5E90E71C1C77F0AEC /* Pods-UMengAnalyticsFramework.release.xcconfig */;
			buildSettings = {
				CODE_SIGN_IDENTITY = "";
				CODE_SIGN_STYLE = Automatic;
				DEFINES_MODULE = YES;
				DEVELOPMENT_TEAM = G2VF64XB7H;
				DYLIB_COMPATIBILITY_VERSION = 1;
				DYLIB_CURRENT_VERSION = 1;
				DYLIB_INSTALL_NAME_BASE = "@rpath";
				FRAMEWORK_SEARCH_PATHS = (
					"$(inherited)",
					"$(PROJECT_DIR)/Dependencies",
					"$(PROJECT_DIR)/Pods/UMCAnalytics",
					"$(PROJECT_DIR)/Pods/UMCCommon",
					"$(PROJECT_DIR)/Pods/UMCSecurityPlugins/thirdparties",
				);
				INFOPLIST_FILE = UMengAnalyticsFramework/Info.plist;
				INSTALL_PATH = "$(LOCAL_LIBRARY_DIR)/Frameworks";
				IPHONEOS_DEPLOYMENT_TARGET = 9.0;
				LD_RUNPATH_SEARCH_PATHS = (
					"$(inherited)",
					"@executable_path/Frameworks",
					"@loader_path/Frameworks",
				);
				OTHER_LDFLAGS = (
					"$(inherited)",
					"-ObjC",
					"-l\"sqlite3\"",
					"-l\"z\"",
					"-framework",
					"\"CoreTelephony\"",
					"-all_load",
				);
				PRODUCT_BUNDLE_IDENTIFIER = com.archmagees.UMengAnalyticsFramework;
				PRODUCT_NAME = "$(TARGET_NAME:c99extidentifier)";
				SKIP_INSTALL = YES;
				TARGETED_DEVICE_FAMILY = "1,2";
				VALID_ARCHS = "arm64 armv7 armv7s x86_64 i386";
			};
			name = Release;
		};
		8ED2BA41209AC00600EC5780 /* Debug */ = {
			isa = XCBuildConfiguration;
			baseConfigurationReference = F397447C8297DFFE6BC4EDEC /* Pods-UMengAnalyticsFrameworkTests.debug.xcconfig */;
			buildSettings = {
				CLANG_ENABLE_MODULES = YES;
				CODE_SIGN_STYLE = Automatic;
				DEVELOPMENT_TEAM = G2VF64XB7H;
				INFOPLIST_FILE = UMengAnalyticsFrameworkTests/Info.plist;
				LD_RUNPATH_SEARCH_PATHS = (
					"$(inherited)",
					"@executable_path/Frameworks",
					"@loader_path/Frameworks",
				);
				PRODUCT_BUNDLE_IDENTIFIER = com.archmagees.UMengAnalyticsFrameworkTests;
				PRODUCT_NAME = "$(TARGET_NAME)";
				SWIFT_OBJC_BRIDGING_HEADER = "UMengAnalyticsFrameworkTests/UMengAnalyticsFrameworkTests-Bridging-Header.h";
				SWIFT_OPTIMIZATION_LEVEL = "-Onone";
				SWIFT_VERSION = 3.0;
				TARGETED_DEVICE_FAMILY = "1,2";
			};
			name = Debug;
		};
		8ED2BA42209AC00600EC5780 /* Release */ = {
			isa = XCBuildConfiguration;
			baseConfigurationReference = E8B749B63513982152C400B1 /* Pods-UMengAnalyticsFrameworkTests.release.xcconfig */;
			buildSettings = {
				CLANG_ENABLE_MODULES = YES;
				CODE_SIGN_STYLE = Automatic;
				DEVELOPMENT_TEAM = G2VF64XB7H;
				INFOPLIST_FILE = UMengAnalyticsFrameworkTests/Info.plist;
				LD_RUNPATH_SEARCH_PATHS = (
					"$(inherited)",
					"@executable_path/Frameworks",
					"@loader_path/Frameworks",
				);
				PRODUCT_BUNDLE_IDENTIFIER = com.archmagees.UMengAnalyticsFrameworkTests;
				PRODUCT_NAME = "$(TARGET_NAME)";
				SWIFT_OBJC_BRIDGING_HEADER = "UMengAnalyticsFrameworkTests/UMengAnalyticsFrameworkTests-Bridging-Header.h";
				SWIFT_VERSION = 3.0;
				TARGETED_DEVICE_FAMILY = "1,2";
			};
			name = Release;
		};
/* End XCBuildConfiguration section */

/* Begin XCConfigurationList section */
		8ED2BA26209AADCC00EC5780 /* Build configuration list for PBXProject "UMengAnalyticsFramework" */ = {
			isa = XCConfigurationList;
			buildConfigurations = (
				8ED2BA32209AADCC00EC5780 /* Debug */,
				8ED2BA33209AADCC00EC5780 /* Release */,
			);
			defaultConfigurationIsVisible = 0;
			defaultConfigurationName = Release;
		};
		8ED2BA34209AADCC00EC5780 /* Build configuration list for PBXNativeTarget "UMengAnalyticsFramework" */ = {
			isa = XCConfigurationList;
			buildConfigurations = (
				8ED2BA35209AADCC00EC5780 /* Debug */,
				8ED2BA36209AADCC00EC5780 /* Release */,
			);
			defaultConfigurationIsVisible = 0;
			defaultConfigurationName = Release;
		};
		8ED2BA40209AC00600EC5780 /* Build configuration list for PBXNativeTarget "UMengAnalyticsFrameworkTests" */ = {
			isa = XCConfigurationList;
			buildConfigurations = (
				8ED2BA41209AC00600EC5780 /* Debug */,
				8ED2BA42209AC00600EC5780 /* Release */,
			);
			defaultConfigurationIsVisible = 0;
			defaultConfigurationName = Release;
		};
/* End XCConfigurationList section */
	};
	rootObject = 8ED2BA23209AADCC00EC5780 /* Project object */;
}
