PODS:
  - Nimble (7.1.1)
  - Quick (1.3.0)
  - UMengAnalyticsFramework (4.2.7)

DEPENDENCIES:
  - Nimble
  - Quick
  - UMengAnalyticsFramework (from `./`)

SPEC REPOS:
  https://github.com/CocoaPods/Specs.git:
    - Nimble
    - Quick

EXTERNAL SOURCES:
  UMengAnalyticsFramework:
    :path: "./"

SPEC CHECKSUMS:
  Nimble: 391f07782af4b37914f9bd7b2ffbb952731b8202
  Quick: 03278013f71aa05fe9ecabc94fbcc6835f1ee76f
  UMengAnalyticsFramework: 84b493eefb2394fd6588e2eef5b249e43fe6ab5e

PODFILE CHECKSUM: fcaa6693c76e4ec839e7656531bf2cda7b46f9a8

COCOAPODS: 1.5.0
