PODS:
  - Nimble (7.1.1)
  - Quick (1.3.0)
  - UMengAnalytics (4.2.4)
  - UMengAnalyticsFramework (4.2.7):
    - UMengAnalytics

DEPENDENCIES:
  - Nimble
  - Quick
  - UMengAnalyticsFramework (from `./`)

SPEC REPOS:
  https://github.com/CocoaPods/Specs.git:
    - Nimble
    - Quick
    - UMengAnalytics

EXTERNAL SOURCES:
  UMengAnalyticsFramework:
    :path: "./"

SPEC CHECKSUMS:
  Nimble: 391f07782af4b37914f9bd7b2ffbb952731b8202
  Quick: 03278013f71aa05fe9ecabc94fbcc6835f1ee76f
  UMengAnalytics: ef8d45f94c0e5771dc364cf6a5731d9d3b101da2
  UMengAnalyticsFramework: 5b079595b39a5f1cc924f693b763119203d5b62d

PODFILE CHECKSUM: fcaa6693c76e4ec839e7656531bf2cda7b46f9a8

COCOAPODS: 1.5.0
